
Microsoft Visual Studio Solution File, Format Version 12.00
# Visual Studio Version 17
VisualStudioVersion = 17.10.35027.167
MinimumVisualStudioVersion = 10.0.40219.1
Project("{FAE04EC0-301F-11D3-BF4B-00C04F79EFBC}") = "LINQ", "LINQ\LINQ.csproj", "{75623E88-BC15-4CC7-9108-8B88432E54EF}"
EndProject
Global
	GlobalSection(SolutionConfigurationPlatforms) = preSolution
		Debug|Any CPU = Debug|Any CPU
		Release|Any CPU = Release|Any CPU
	EndGlobalSection
	GlobalSection(ProjectConfigurationPlatforms) = postSolution
		{75623E88-BC15-4CC7-9108-8B88432E54EF}.Debug|Any CPU.ActiveCfg = Debug|Any CPU
		{75623E88-BC15-4CC7-9108-8B88432E54EF}.Debug|Any CPU.Build.0 = Debug|Any CPU
		{75623E88-BC15-4CC7-9108-8B88432E54EF}.Release|Any CPU.ActiveCfg = Release|Any CPU
		{75623E88-BC15-4CC7-9108-8B88432E54EF}.Release|Any CPU.Build.0 = Release|Any CPU
	EndGlobalSection
	GlobalSection(SolutionProperties) = preSolution
		HideSolutionNode = FALSE
	EndGlobalSection
	GlobalSection(ExtensibilityGlobals) = postSolution
		SolutionGuid = {76D3F439-7EC4-4934-B812-A646C7F0F21E}
	EndGlobalSection
EndGlobal
